
Microsoft Visual Studio Solution File, Format Version 12.00
# Visual Studio Version 16
VisualStudioVersion = 16.0.31702.278
MinimumVisualStudioVersion = 10.0.40219.1
Project("{FAE04EC0-301F-11D3-BF4B-00C04F79EFBC}") = "Task20", "Task20\Task20.csproj", "{9DB6E6C0-B315-4537-A8EC-54D7C611A731}"
EndProject
Global
	GlobalSection(SolutionConfigurationPlatforms) = preSolution
		Debug|Any CPU = Debug|Any CPU
		Release|Any CPU = Release|Any CPU
	EndGlobalSection
	GlobalSection(ProjectConfigurationPlatforms) = postSolution
		{9DB6E6C0-B315-4537-A8EC-54D7C611A731}.Debug|Any CPU.ActiveCfg = Debug|Any CPU
		{9DB6E6C0-B315-4537-A8EC-54D7C611A731}.Debug|Any CPU.Build.0 = Debug|Any CPU
		{9DB6E6C0-B315-4537-A8EC-54D7C611A731}.Release|Any CPU.ActiveCfg = Release|Any CPU
		{9DB6E6C0-B315-4537-A8EC-54D7C611A731}.Release|Any CPU.Build.0 = Release|Any CPU
	EndGlobalSection
	GlobalSection(SolutionProperties) = preSolution
		HideSolutionNode = FALSE
	EndGlobalSection
	GlobalSection(ExtensibilityGlobals) = postSolution
		SolutionGuid = {7F57A73A-5B51-46D4-A410-DD4CF0C8FFD8}
	EndGlobalSection
EndGlobal
